
Microsoft Visual Studio Solution File, Format Version 12.00
# Visual Studio Version 16
VisualStudioVersion = 16.0.30114.105
MinimumVisualStudioVersion = 10.0.40219.1
Project("{FAE04EC0-301F-11D3-BF4B-00C04F79EFBC}") = "FAS.Android", "FAS\FAS.Android\FAS.Android.csproj", "{10AF2309-6326-4665-851E-E1E0A6FD7B5A}"
EndProject
Project("{FAE04EC0-301F-11D3-BF4B-00C04F79EFBC}") = "FAS.iOS", "FAS\FAS.iOS\FAS.iOS.csproj", "{40894900-15CF-40B4-8219-334102BEDF57}"
EndProject
Project("{FAE04EC0-301F-11D3-BF4B-00C04F79EFBC}") = "FAS", "FAS\FAS\FAS.csproj", "{5951930E-D204-4310-8181-194FC5C67AE6}"
EndProject
Global
	GlobalSection(SolutionConfigurationPlatforms) = preSolution
		Debug|Any CPU = Debug|Any CPU
		Debug|iPhone = Debug|iPhone
		Debug|iPhoneSimulator = Debug|iPhoneSimulator
		Release|Any CPU = Release|Any CPU
		Release|iPhone = Release|iPhone
		Release|iPhoneSimulator = Release|iPhoneSimulator
	EndGlobalSection
	GlobalSection(ProjectConfigurationPlatforms) = postSolution
		{10AF2309-6326-4665-851E-E1E0A6FD7B5A}.Debug|Any CPU.ActiveCfg = Debug|Any CPU
		{10AF2309-6326-4665-851E-E1E0A6FD7B5A}.Debug|Any CPU.Build.0 = Debug|Any CPU
		{10AF2309-6326-4665-851E-E1E0A6FD7B5A}.Debug|Any CPU.Deploy.0 = Debug|Any CPU
		{10AF2309-6326-4665-851E-E1E0A6FD7B5A}.Debug|iPhone.ActiveCfg = Debug|Any CPU
		{10AF2309-6326-4665-851E-E1E0A6FD7B5A}.Debug|iPhone.Build.0 = Debug|Any CPU
		{10AF2309-6326-4665-851E-E1E0A6FD7B5A}.Debug|iPhone.Deploy.0 = Debug|Any CPU
		{10AF2309-6326-4665-851E-E1E0A6FD7B5A}.Debug|iPhoneSimulator.ActiveCfg = Debug|Any CPU
		{10AF2309-6326-4665-851E-E1E0A6FD7B5A}.Debug|iPhoneSimulator.Build.0 = Debug|Any CPU
		{10AF2309-6326-4665-851E-E1E0A6FD7B5A}.Debug|iPhoneSimulator.Deploy.0 = Debug|Any CPU
		{10AF2309-6326-4665-851E-E1E0A6FD7B5A}.Release|Any CPU.ActiveCfg = Release|Any CPU
		{10AF2309-6326-4665-851E-E1E0A6FD7B5A}.Release|Any CPU.Build.0 = Release|Any CPU
		{10AF2309-6326-4665-851E-E1E0A6FD7B5A}.Release|Any CPU.Deploy.0 = Release|Any CPU
		{10AF2309-6326-4665-851E-E1E0A6FD7B5A}.Release|iPhone.ActiveCfg = Release|Any CPU
		{10AF2309-6326-4665-851E-E1E0A6FD7B5A}.Release|iPhone.Build.0 = Release|Any CPU
		{10AF2309-6326-4665-851E-E1E0A6FD7B5A}.Release|iPhone.Deploy.0 = Release|Any CPU
		{10AF2309-6326-4665-851E-E1E0A6FD7B5A}.Release|iPhoneSimulator.ActiveCfg = Release|Any CPU
		{10AF2309-6326-4665-851E-E1E0A6FD7B5A}.Release|iPhoneSimulator.Build.0 = Release|Any CPU
		{10AF2309-6326-4665-851E-E1E0A6FD7B5A}.Release|iPhoneSimulator.Deploy.0 = Release|Any CPU
		{40894900-15CF-40B4-8219-334102BEDF57}.Debug|Any CPU.ActiveCfg = Debug|iPhone
		{40894900-15CF-40B4-8219-334102BEDF57}.Debug|Any CPU.Build.0 = Debug|iPhone
		{40894900-15CF-40B4-8219-334102BEDF57}.Debug|Any CPU.Deploy.0 = Debug|iPhone
		{40894900-15CF-40B4-8219-334102BEDF57}.Debug|iPhone.ActiveCfg = Debug|iPhone
		{40894900-15CF-40B4-8219-334102BEDF57}.Debug|iPhone.Build.0 = Debug|iPhone
		{40894900-15CF-40B4-8219-334102BEDF57}.Debug|iPhone.Deploy.0 = Debug|iPhone
		{40894900-15CF-40B4-8219-334102BEDF57}.Debug|iPhoneSimulator.ActiveCfg = Debug|iPhoneSimulator
		{40894900-15CF-40B4-8219-334102BEDF57}.Debug|iPhoneSimulator.Build.0 = Debug|iPhoneSimulator
		{40894900-15CF-40B4-8219-334102BEDF57}.Debug|iPhoneSimulator.Deploy.0 = Debug|iPhoneSimulator
		{40894900-15CF-40B4-8219-334102BEDF57}.Release|Any CPU.ActiveCfg = Release|iPhone
		{40894900-15CF-40B4-8219-334102BEDF57}.Release|Any CPU.Build.0 = Release|iPhone
		{40894900-15CF-40B4-8219-334102BEDF57}.Release|Any CPU.Deploy.0 = Release|iPhone
		{40894900-15CF-40B4-8219-334102BEDF57}.Release|iPhone.ActiveCfg = Release|iPhone
		{40894900-15CF-40B4-8219-334102BEDF57}.Release|iPhone.Build.0 = Release|iPhone
		{40894900-15CF-40B4-8219-334102BEDF57}.Release|iPhone.Deploy.0 = Release|iPhone
		{40894900-15CF-40B4-8219-334102BEDF57}.Release|iPhoneSimulator.ActiveCfg = Release|iPhoneSimulator
		{40894900-15CF-40B4-8219-334102BEDF57}.Release|iPhoneSimulator.Build.0 = Release|iPhoneSimulator
		{40894900-15CF-40B4-8219-334102BEDF57}.Release|iPhoneSimulator.Deploy.0 = Release|iPhoneSimulator
		{5951930E-D204-4310-8181-194FC5C67AE6}.Debug|Any CPU.ActiveCfg = Debug|Any CPU
		{5951930E-D204-4310-8181-194FC5C67AE6}.Debug|Any CPU.Build.0 = Debug|Any CPU
		{5951930E-D204-4310-8181-194FC5C67AE6}.Debug|Any CPU.Deploy.0 = Debug|Any CPU
		{5951930E-D204-4310-8181-194FC5C67AE6}.Debug|iPhone.ActiveCfg = Debug|Any CPU
		{5951930E-D204-4310-8181-194FC5C67AE6}.Debug|iPhone.Build.0 = Debug|Any CPU
		{5951930E-D204-4310-8181-194FC5C67AE6}.Debug|iPhone.Deploy.0 = Debug|Any CPU
		{5951930E-D204-4310-8181-194FC5C67AE6}.Debug|iPhoneSimulator.ActiveCfg = Debug|Any CPU
		{5951930E-D204-4310-8181-194FC5C67AE6}.Debug|iPhoneSimulator.Build.0 = Debug|Any CPU
		{5951930E-D204-4310-8181-194FC5C67AE6}.Debug|iPhoneSimulator.Deploy.0 = Debug|Any CPU
		{5951930E-D204-4310-8181-194FC5C67AE6}.Release|Any CPU.ActiveCfg = Release|Any CPU
		{5951930E-D204-4310-8181-194FC5C67AE6}.Release|Any CPU.Build.0 = Release|Any CPU
		{5951930E-D204-4310-8181-194FC5C67AE6}.Release|Any CPU.Deploy.0 = Release|Any CPU
		{5951930E-D204-4310-8181-194FC5C67AE6}.Release|iPhone.ActiveCfg = Release|Any CPU
		{5951930E-D204-4310-8181-194FC5C67AE6}.Release|iPhone.Build.0 = Release|Any CPU
		{5951930E-D204-4310-8181-194FC5C67AE6}.Release|iPhone.Deploy.0 = Release|Any CPU
		{5951930E-D204-4310-8181-194FC5C67AE6}.Release|iPhoneSimulator.ActiveCfg = Release|Any CPU
		{5951930E-D204-4310-8181-194FC5C67AE6}.Release|iPhoneSimulator.Build.0 = Release|Any CPU
		{5951930E-D204-4310-8181-194FC5C67AE6}.Release|iPhoneSimulator.Deploy.0 = Release|Any CPU
	EndGlobalSection
	GlobalSection(SolutionProperties) = preSolution
		HideSolutionNode = FALSE
	EndGlobalSection
	GlobalSection(ExtensibilityGlobals) = postSolution
		SolutionGuid = {2B7AE080-9C7B-4453-A387-6D1799DC0652}
	EndGlobalSection
EndGlobal
